
Microsoft Visual Studio Solution File, Format Version 12.00
# Visual Studio 2013
VisualStudioVersion = 12.0.30501.0
MinimumVisualStudioVersion = 10.0.40219.1
Project("{FAE04EC0-301F-11D3-BF4B-00C04F79EFBC}") = "BreezeGuard", "BreezeGuard\BreezeGuard.csproj", "{62D4FB3C-5211-4912-948F-1067D076B157}"
EndProject
Project("{FAE04EC0-301F-11D3-BF4B-00C04F79EFBC}") = "TinyDemo", "TinyDemo\TinyDemo.csproj", "{BE2A0156-ADFF-44E8-8B2D-99C9C7B179DA}"
EndProject
Project("{FAE04EC0-301F-11D3-BF4B-00C04F79EFBC}") = "WhopperDemo", "WhopperDemo\WhopperDemo.csproj", "{33FBDF2C-53D1-491D-9F88-B34E7C649683}"
EndProject
Global
	GlobalSection(SolutionConfigurationPlatforms) = preSolution
		Debug|Any CPU = Debug|Any CPU
		Release|Any CPU = Release|Any CPU
	EndGlobalSection
	GlobalSection(ProjectConfigurationPlatforms) = postSolution
		{62D4FB3C-5211-4912-948F-1067D076B157}.Debug|Any CPU.ActiveCfg = Debug|Any CPU
		{62D4FB3C-5211-4912-948F-1067D076B157}.Debug|Any CPU.Build.0 = Debug|Any CPU
		{62D4FB3C-5211-4912-948F-1067D076B157}.Release|Any CPU.ActiveCfg = Release|Any CPU
		{62D4FB3C-5211-4912-948F-1067D076B157}.Release|Any CPU.Build.0 = Release|Any CPU
		{BE2A0156-ADFF-44E8-8B2D-99C9C7B179DA}.Debug|Any CPU.ActiveCfg = Debug|Any CPU
		{BE2A0156-ADFF-44E8-8B2D-99C9C7B179DA}.Debug|Any CPU.Build.0 = Debug|Any CPU
		{BE2A0156-ADFF-44E8-8B2D-99C9C7B179DA}.Release|Any CPU.ActiveCfg = Release|Any CPU
		{BE2A0156-ADFF-44E8-8B2D-99C9C7B179DA}.Release|Any CPU.Build.0 = Release|Any CPU
		{33FBDF2C-53D1-491D-9F88-B34E7C649683}.Debug|Any CPU.ActiveCfg = Debug|Any CPU
		{33FBDF2C-53D1-491D-9F88-B34E7C649683}.Debug|Any CPU.Build.0 = Debug|Any CPU
		{33FBDF2C-53D1-491D-9F88-B34E7C649683}.Release|Any CPU.ActiveCfg = Release|Any CPU
		{33FBDF2C-53D1-491D-9F88-B34E7C649683}.Release|Any CPU.Build.0 = Release|Any CPU
	EndGlobalSection
	GlobalSection(SolutionProperties) = preSolution
		HideSolutionNode = FALSE
	EndGlobalSection
EndGlobal
